{
  "name": "osticketdev",
  "lockfileVersion": 3,
  "requires": true,
  "packages": {
    "": {
      "dependencies": {
        "dompurify": "^3.1.5"
      }
    },
    "node_modules/dompurify": {
      "version": "3.1.5",
      "resolved": "https://registry.npmjs.org/dompurify/-/dompurify-3.1.5.tgz",
      "integrity": "sha512-lwG+n5h8QNpxtyrJW/gJWckL+1/DQiYMX8f7t8Z2AZTPw1esVrqjI63i7Zc2Gz0aKzLVMYC1V1PL/ky+aY/NgA=="
    }
  }
}
